hash: 1077ee23a6b5d6c958e6130fe85727ed6d2a3900fcbf840098f068f71f0a15c0
updated: 2017-11-19T21:28:47.0324854+01:00
imports:
- name: github.com/spf13/cobra
  version: 19e54c4a2b8a78c9d54b2bed61b1a6c5e1bfcf6f
- name: k8s.io/apimachinery
  version: 019ae5ada31de202164b118aee88ee2d14075c31
  subpackages:
  - pkg/apis/meta/v1
- name: k8s.io/client-go
  version: 2ae454230481a7cb5544325e12ad7658ecccd19b
  subpackages:
  - kubernetes
  - plugin/pkg/client/auth
  - tools/clientcmd
  - tools/clientcmd/api
testImports: []
